
Microsoft Visual Studio Solution File, Format Version 12.00
Project("{FAE04EC0-301F-11D3-BF4B-00C04F79EFBC}") = "Boilerplate.Web", "Boilerplate.Web\Boilerplate.Web.csproj", "{1C4AB0C2-C29F-4C7A-BF62-42DE1DC1CEE7}"
EndProject
Project("{FAE04EC0-301F-11D3-BF4B-00C04F79EFBC}") = "Boilerplate.Repository", "Boilerplate.Repository\Boilerplate.Repository.csproj", "{CCA16680-BAC6-4219-B56A-74A8F101692A}"
EndProject
Global
	GlobalSection(SolutionConfigurationPlatforms) = preSolution
		Debug|Any CPU = Debug|Any CPU
		Release|Any CPU = Release|Any CPU
	EndGlobalSection
	GlobalSection(ProjectConfigurationPlatforms) = postSolution
		{1C4AB0C2-C29F-4C7A-BF62-42DE1DC1CEE7}.Debug|Any CPU.ActiveCfg = Debug|Any CPU
		{1C4AB0C2-C29F-4C7A-BF62-42DE1DC1CEE7}.Debug|Any CPU.Build.0 = Debug|Any CPU
		{1C4AB0C2-C29F-4C7A-BF62-42DE1DC1CEE7}.Release|Any CPU.ActiveCfg = Release|Any CPU
		{1C4AB0C2-C29F-4C7A-BF62-42DE1DC1CEE7}.Release|Any CPU.Build.0 = Release|Any CPU
		{CCA16680-BAC6-4219-B56A-74A8F101692A}.Debug|Any CPU.ActiveCfg = Debug|Any CPU
		{CCA16680-BAC6-4219-B56A-74A8F101692A}.Debug|Any CPU.Build.0 = Debug|Any CPU
		{CCA16680-BAC6-4219-B56A-74A8F101692A}.Release|Any CPU.ActiveCfg = Release|Any CPU
		{CCA16680-BAC6-4219-B56A-74A8F101692A}.Release|Any CPU.Build.0 = Release|Any CPU
	EndGlobalSection
EndGlobal
